
Microsoft Visual Studio Solution File, Format Version 12.00
# Visual Studio Express 2012 for Windows Desktop
Project("{8BC9CEB8-8B4A-11D0-8D11-00A0C91BC942}") = "RayTrace", "RayTrace\RayTrace.vcxproj", "{446685CE-4069-435E-A1D4-3FE3ABF4DF4A}"
EndProject
Global
	GlobalSection(SolutionConfigurationPlatforms) = preSolution
		Debug|Win32 = Debug|Win32
		Release|Win32 = Release|Win32
	EndGlobalSection
	GlobalSection(ProjectConfigurationPlatforms) = postSolution
		{446685CE-4069-435E-A1D4-3FE3ABF4DF4A}.Debug|Win32.ActiveCfg = Debug|Win32
		{446685CE-4069-435E-A1D4-3FE3ABF4DF4A}.Debug|Win32.Build.0 = Debug|Win32
		{446685CE-4069-435E-A1D4-3FE3ABF4DF4A}.Release|Win32.ActiveCfg = Release|Win32
		{446685CE-4069-435E-A1D4-3FE3ABF4DF4A}.Release|Win32.Build.0 = Release|Win32
	EndGlobalSection
	GlobalSection(SolutionProperties) = preSolution
		HideSolutionNode = FALSE
	EndGlobalSection
EndGlobal
